// !$*UTF8*$!
{
	archiveVersion = 1;
	classes = {
	};
	objectVersion = 55;
	objects = {

/* Begin PBXBuildFile section */
		1D0983103E258E710197F000 /* Pods_Happiggy_bank.framework in Frameworks */ = {isa = PBXBuildFile; fileRef = F1F6015B01A2C2F80C2FC1BF /* Pods_Happiggy_bank.framework */; };
		A8BD833327BE104900E0DE41 /* HomeViewController.swift in Sources */ = {isa = PBXBuildFile; fileRef = A8BD833227BE104900E0DE41 /* HomeViewController.swift */; };
		A8BD833527BE106C00E0DE41 /* PageContentViewController.swift in Sources */ = {isa = PBXBuildFile; fileRef = A8BD833427BE106C00E0DE41 /* PageContentViewController.swift */; };
		A8BD833B27BE261600E0DE41 /* OpenBeforeFinishedButton.swift in Sources */ = {isa = PBXBuildFile; fileRef = A8BD833A27BE261600E0DE41 /* OpenBeforeFinishedButton.swift */; };
		A8BD833D27BE2FF900E0DE41 /* SettingsButton.swift in Sources */ = {isa = PBXBuildFile; fileRef = A8BD833C27BE2FF900E0DE41 /* SettingsButton.swift */; };
		A8BD833F27BE30B400E0DE41 /* Constants.swift in Sources */ = {isa = PBXBuildFile; fileRef = A8BD833E27BE30B400E0DE41 /* Constants.swift */; };
		A8BD834127BE325000E0DE41 /* UserJarListButton.swift in Sources */ = {isa = PBXBuildFile; fileRef = A8BD834027BE325000E0DE41 /* UserJarListButton.swift */; };
		A8BD834727BE337900E0DE41 /* HomeView.swift in Sources */ = {isa = PBXBuildFile; fileRef = A8BD834627BE337900E0DE41 /* HomeView.swift */; };
		A8BD834A27BE346D00E0DE41 /* HomeViewControllerExtension.swift in Sources */ = {isa = PBXBuildFile; fileRef = A8BD834927BE346D00E0DE41 /* HomeViewControllerExtension.swift */; };
		A8BD834D27BE39D600E0DE41 /* NoteProgressLabel.swift in Sources */ = {isa = PBXBuildFile; fileRef = A8BD834C27BE39D600E0DE41 /* NoteProgressLabel.swift */; };
		A8FC07C827B3ECF00077A758 /* AppDelegate.swift in Sources */ = {isa = PBXBuildFile; fileRef = A8FC07C727B3ECF00077A758 /* AppDelegate.swift */; };
		A8FC07CA27B3ECF00077A758 /* SceneDelegate.swift in Sources */ = {isa = PBXBuildFile; fileRef = A8FC07C927B3ECF00077A758 /* SceneDelegate.swift */; };
		A8FC07CC27B3ECF00077A758 /* ViewController.swift in Sources */ = {isa = PBXBuildFile; fileRef = A8FC07CB27B3ECF00077A758 /* ViewController.swift */; };
		A8FC07CF27B3ECF00077A758 /* Main.storyboard in Resources */ = {isa = PBXBuildFile; fileRef = A8FC07CD27B3ECF00077A758 /* Main.storyboard */; };
		A8FC07D127B3ECF30077A758 /* Assets.xcassets in Resources */ = {isa = PBXBuildFile; fileRef = A8FC07D027B3ECF30077A758 /* Assets.xcassets */; };
		A8FC07D427B3ECF30077A758 /* LaunchScreen.storyboard in Resources */ = {isa = PBXBuildFile; fileRef = A8FC07D227B3ECF30077A758 /* LaunchScreen.storyboard */; };
		A8FC07DD27B3EF030077A758 /* .swiftlint.yml in Resources */ = {isa = PBXBuildFile; fileRef = A8FC07DC27B3EF030077A758 /* .swiftlint.yml */; };
/* End PBXBuildFile section */

/* Begin PBXFileReference section */
		A8BD833227BE104900E0DE41 /* HomeViewController.swift */ = {isa = PBXFileReference; lastKnownFileType = sourcecode.swift; path = HomeViewController.swift; sourceTree = "<group>"; };
		A8BD833427BE106C00E0DE41 /* PageContentViewController.swift */ = {isa = PBXFileReference; lastKnownFileType = sourcecode.swift; path = PageContentViewController.swift; sourceTree = "<group>"; };
		A8BD833A27BE261600E0DE41 /* OpenBeforeFinishedButton.swift */ = {isa = PBXFileReference; lastKnownFileType = sourcecode.swift; path = OpenBeforeFinishedButton.swift; sourceTree = "<group>"; };
		A8BD833C27BE2FF900E0DE41 /* SettingsButton.swift */ = {isa = PBXFileReference; lastKnownFileType = sourcecode.swift; path = SettingsButton.swift; sourceTree = "<group>"; };
		A8BD833E27BE30B400E0DE41 /* Constants.swift */ = {isa = PBXFileReference; lastKnownFileType = sourcecode.swift; path = Constants.swift; sourceTree = "<group>"; };
		A8BD834027BE325000E0DE41 /* UserJarListButton.swift */ = {isa = PBXFileReference; lastKnownFileType = sourcecode.swift; path = UserJarListButton.swift; sourceTree = "<group>"; };
		A8BD834627BE337900E0DE41 /* HomeView.swift */ = {isa = PBXFileReference; lastKnownFileType = sourcecode.swift; path = HomeView.swift; sourceTree = "<group>"; };
		A8BD834927BE346D00E0DE41 /* HomeViewControllerExtension.swift */ = {isa = PBXFileReference; lastKnownFileType = sourcecode.swift; path = HomeViewControllerExtension.swift; sourceTree = "<group>"; };
		A8BD834C27BE39D600E0DE41 /* NoteProgressLabel.swift */ = {isa = PBXFileReference; lastKnownFileType = sourcecode.swift; path = NoteProgressLabel.swift; sourceTree = "<group>"; };
		A8FC07C427B3ECF00077A758 /* Happiggy-bank.app */ = {isa = PBXFileReference; explicitFileType = wrapper.application; includeInIndex = 0; path = "Happiggy-bank.app"; sourceTree = BUILT_PRODUCTS_DIR; };
		A8FC07C727B3ECF00077A758 /* AppDelegate.swift */ = {isa = PBXFileReference; lastKnownFileType = sourcecode.swift; path = AppDelegate.swift; sourceTree = "<group>"; };
		A8FC07C927B3ECF00077A758 /* SceneDelegate.swift */ = {isa = PBXFileReference; lastKnownFileType = sourcecode.swift; path = SceneDelegate.swift; sourceTree = "<group>"; };
		A8FC07CB27B3ECF00077A758 /* ViewController.swift */ = {isa = PBXFileReference; lastKnownFileType = sourcecode.swift; path = ViewController.swift; sourceTree = "<group>"; };
		A8FC07CE27B3ECF00077A758 /* Base */ = {isa = PBXFileReference; lastKnownFileType = file.storyboard; name = Base; path = Base.lproj/Main.storyboard; sourceTree = "<group>"; };
		A8FC07D027B3ECF30077A758 /* Assets.xcassets */ = {isa = PBXFileReference; lastKnownFileType = folder.assetcatalog; path = Assets.xcassets; sourceTree = "<group>"; };
		A8FC07D327B3ECF30077A758 /* Base */ = {isa = PBXFileReference; lastKnownFileType = file.storyboard; name = Base; path = Base.lproj/LaunchScreen.storyboard; sourceTree = "<group>"; };
		A8FC07D527B3ECF30077A758 /* Info.plist */ = {isa = PBXFileReference; lastKnownFileType = text.plist.xml; path = Info.plist; sourceTree = "<group>"; };
		A8FC07DC27B3EF030077A758 /* .swiftlint.yml */ = {isa = PBXFileReference; lastKnownFileType = text.yaml; path = .swiftlint.yml; sourceTree = "<group>"; };
		C7DBD2C99F03550C49E38BE1 /* Pods-Happiggy-bank.debug.xcconfig */ = {isa = PBXFileReference; includeInIndex = 1; lastKnownFileType = text.xcconfig; name = "Pods-Happiggy-bank.debug.xcconfig"; path = "Target Support Files/Pods-Happiggy-bank/Pods-Happiggy-bank.debug.xcconfig"; sourceTree = "<group>"; };
		D1A4E4DCD14426EB1FE4D636 /* Pods-Happiggy-bank.release.xcconfig */ = {isa = PBXFileReference; includeInIndex = 1; lastKnownFileType = text.xcconfig; name = "Pods-Happiggy-bank.release.xcconfig"; path = "Target Support Files/Pods-Happiggy-bank/Pods-Happiggy-bank.release.xcconfig"; sourceTree = "<group>"; };
		F1F6015B01A2C2F80C2FC1BF /* Pods_Happiggy_bank.framework */ = {isa = PBXFileReference; explicitFileType = wrapper.framework; includeInIndex = 0; path = Pods_Happiggy_bank.framework; sourceTree = BUILT_PRODUCTS_DIR; };
/* End PBXFileReference section */

/* Begin PBXFrameworksBuildPhase section */
		A8FC07C127B3ECF00077A758 /* Frameworks */ = {
			isa = PBXFrameworksBuildPhase;
			buildActionMask = 2147483647;
			files = (
				1D0983103E258E710197F000 /* Pods_Happiggy_bank.framework in Frameworks */,
			);
			runOnlyForDeploymentPostprocessing = 0;
		};
/* End PBXFrameworksBuildPhase section */

/* Begin PBXGroup section */
		398EC211296C6C6ECBEFF796 /* Frameworks */ = {
			isa = PBXGroup;
			children = (
				F1F6015B01A2C2F80C2FC1BF /* Pods_Happiggy_bank.framework */,
			);
			name = Frameworks;
			sourceTree = "<group>";
		};
		41BF7655D0B8B74DC0E22B4B /* Pods */ = {
			isa = PBXGroup;
			children = (
				C7DBD2C99F03550C49E38BE1 /* Pods-Happiggy-bank.debug.xcconfig */,
				D1A4E4DCD14426EB1FE4D636 /* Pods-Happiggy-bank.release.xcconfig */,
			);
			path = Pods;
			sourceTree = "<group>";
		};
		A8BD834227BE32EB00E0DE41 /* Button */ = {
			isa = PBXGroup;
			children = (
				A8BD834027BE325000E0DE41 /* UserJarListButton.swift */,
				A8BD833C27BE2FF900E0DE41 /* SettingsButton.swift */,
				A8BD833A27BE261600E0DE41 /* OpenBeforeFinishedButton.swift */,
			);
			path = Button;
			sourceTree = "<group>";
		};
		A8BD834327BE330000E0DE41 /* ViewController */ = {
			isa = PBXGroup;
			children = (
				A8BD833227BE104900E0DE41 /* HomeViewController.swift */,
				A8BD833427BE106C00E0DE41 /* PageContentViewController.swift */,
			);
			path = ViewController;
			sourceTree = "<group>";
		};
		A8BD834427BE331500E0DE41 /* Utils */ = {
			isa = PBXGroup;
			children = (
				A8BD833E27BE30B400E0DE41 /* Constants.swift */,
			);
			path = Utils;
			sourceTree = "<group>";
		};
		A8BD834527BE332100E0DE41 /* Storyboard */ = {
			isa = PBXGroup;
			children = (
				A8FC07CD27B3ECF00077A758 /* Main.storyboard */,
				A8FC07D227B3ECF30077A758 /* LaunchScreen.storyboard */,
			);
			path = Storyboard;
			sourceTree = "<group>";
		};
		A8BD834827BE338200E0DE41 /* View */ = {
			isa = PBXGroup;
			children = (
				A8BD834627BE337900E0DE41 /* HomeView.swift */,
			);
			path = View;
			sourceTree = "<group>";
		};
		A8BD834B27BE347700E0DE41 /* Extensions */ = {
			isa = PBXGroup;
			children = (
				A8BD834927BE346D00E0DE41 /* HomeViewControllerExtension.swift */,
			);
			path = Extensions;
			sourceTree = "<group>";
		};
		A8BD834E27BE39DE00E0DE41 /* Label */ = {
			isa = PBXGroup;
			children = (
				A8BD834C27BE39D600E0DE41 /* NoteProgressLabel.swift */,
			);
			path = Label;
			sourceTree = "<group>";
		};
		A8FC07BB27B3ECF00077A758 = {
			isa = PBXGroup;
			children = (
				A8FC07DC27B3EF030077A758 /* .swiftlint.yml */,
				A8FC07C627B3ECF00077A758 /* Happiggy-bank */,
				A8FC07C527B3ECF00077A758 /* Products */,
				41BF7655D0B8B74DC0E22B4B /* Pods */,
				398EC211296C6C6ECBEFF796 /* Frameworks */,
			);
			sourceTree = "<group>";
		};
		A8FC07C527B3ECF00077A758 /* Products */ = {
			isa = PBXGroup;
			children = (
				A8FC07C427B3ECF00077A758 /* Happiggy-bank.app */,
			);
			name = Products;
			sourceTree = "<group>";
		};
		A8FC07C627B3ECF00077A758 /* Happiggy-bank */ = {
			isa = PBXGroup;
			children = (
				A8FC07C727B3ECF00077A758 /* AppDelegate.swift */,
				A8FC07C927B3ECF00077A758 /* SceneDelegate.swift */,
				A8FC07CB27B3ECF00077A758 /* ViewController.swift */,
				A8BD834827BE338200E0DE41 /* View */,
				A8BD834327BE330000E0DE41 /* ViewController */,
				A8BD834227BE32EB00E0DE41 /* Button */,
				A8BD834E27BE39DE00E0DE41 /* Label */,
				A8BD834427BE331500E0DE41 /* Utils */,
				A8BD834527BE332100E0DE41 /* Storyboard */,
				A8BD834B27BE347700E0DE41 /* Extensions */,
				A8FC07D027B3ECF30077A758 /* Assets.xcassets */,
				A8FC07D527B3ECF30077A758 /* Info.plist */,
			);
			path = "Happiggy-bank";
			sourceTree = "<group>";
		};
/* End PBXGroup section */

/* Begin PBXNativeTarget section */
		A8FC07C327B3ECF00077A758 /* Happiggy-bank */ = {
			isa = PBXNativeTarget;
			buildConfigurationList = A8FC07D827B3ECF30077A758 /* Build configuration list for PBXNativeTarget "Happiggy-bank" */;
			buildPhases = (
				84CD75CCD5C90335B533BACE /* [CP] Check Pods Manifest.lock */,
				A8FC07C027B3ECF00077A758 /* Sources */,
				A8FC07C127B3ECF00077A758 /* Frameworks */,
				A8FC07C227B3ECF00077A758 /* Resources */,
				A8FC07DB27B3EDC10077A758 /* ShellScript */,
			);
			buildRules = (
			);
			dependencies = (
			);
			name = "Happiggy-bank";
			productName = "Happiggy-bank";
			productReference = A8FC07C427B3ECF00077A758 /* Happiggy-bank.app */;
			productType = "com.apple.product-type.application";
		};
/* End PBXNativeTarget section */

/* Begin PBXProject section */
		A8FC07BC27B3ECF00077A758 /* Project object */ = {
			isa = PBXProject;
			attributes = {
				BuildIndependentTargetsInParallel = 1;
				LastSwiftUpdateCheck = 1300;
				LastUpgradeCheck = 1300;
				TargetAttributes = {
					A8FC07C327B3ECF00077A758 = {
						CreatedOnToolsVersion = 13.0;
					};
				};
			};
			buildConfigurationList = A8FC07BF27B3ECF00077A758 /* Build configuration list for PBXProject "Happiggy-bank" */;
			compatibilityVersion = "Xcode 13.0";
			developmentRegion = en;
			hasScannedForEncodings = 0;
			knownRegions = (
				en,
				Base,
			);
			mainGroup = A8FC07BB27B3ECF00077A758;
			productRefGroup = A8FC07C527B3ECF00077A758 /* Products */;
			projectDirPath = "";
			projectRoot = "";
			targets = (
				A8FC07C327B3ECF00077A758 /* Happiggy-bank */,
			);
		};
/* End PBXProject section */

/* Begin PBXResourcesBuildPhase section */
		A8FC07C227B3ECF00077A758 /* Resources */ = {
			isa = PBXResourcesBuildPhase;
			buildActionMask = 2147483647;
			files = (
				A8FC07DD27B3EF030077A758 /* .swiftlint.yml in Resources */,
				A8FC07D427B3ECF30077A758 /* LaunchScreen.storyboard in Resources */,
				A8FC07D127B3ECF30077A758 /* Assets.xcassets in Resources */,
				A8FC07CF27B3ECF00077A758 /* Main.storyboard in Resources */,
			);
			runOnlyForDeploymentPostprocessing = 0;
		};
/* End PBXResourcesBuildPhase section */

/* Begin PBXShellScriptBuildPhase section */
		84CD75CCD5C90335B533BACE /* [CP] Check Pods Manifest.lock */ = {
			isa = PBXShellScriptBuildPhase;
			buildActionMask = 2147483647;
			files = (
			);
			inputFileListPaths = (
			);
			inputPaths = (
				"${PODS_PODFILE_DIR_PATH}/Podfile.lock",
				"${PODS_ROOT}/Manifest.lock",
			);
			name = "[CP] Check Pods Manifest.lock";
			outputFileListPaths = (
			);
			outputPaths = (
				"$(DERIVED_FILE_DIR)/Pods-Happiggy-bank-checkManifestLockResult.txt",
			);
			runOnlyForDeploymentPostprocessing = 0;
			shellPath = /bin/sh;
			shellScript = "diff \"${PODS_PODFILE_DIR_PATH}/Podfile.lock\" \"${PODS_ROOT}/Manifest.lock\" > /dev/null\nif [ $? != 0 ] ; then\n    # print error to STDERR\n    echo \"error: The sandbox is not in sync with the Podfile.lock. Run 'pod install' or update your CocoaPods installation.\" >&2\n    exit 1\nfi\n# This output is used by Xcode 'outputs' to avoid re-running this script phase.\necho \"SUCCESS\" > \"${SCRIPT_OUTPUT_FILE_0}\"\n";
			showEnvVarsInLog = 0;
		};
		A8FC07DB27B3EDC10077A758 /* ShellScript */ = {
			isa = PBXShellScriptBuildPhase;
			buildActionMask = 2147483647;
			files = (
			);
			inputFileListPaths = (
			);
			inputPaths = (
			);
			outputFileListPaths = (
			);
			outputPaths = (
			);
			runOnlyForDeploymentPostprocessing = 0;
			shellPath = /bin/sh;
			shellScript = "${PODS_ROOT}/SwiftLint/swiftlint\n";
		};
/* End PBXShellScriptBuildPhase section */

/* Begin PBXSourcesBuildPhase section */
		A8FC07C027B3ECF00077A758 /* Sources */ = {
			isa = PBXSourcesBuildPhase;
			buildActionMask = 2147483647;
			files = (
				A8BD834127BE325000E0DE41 /* UserJarListButton.swift in Sources */,
				A8BD834D27BE39D600E0DE41 /* NoteProgressLabel.swift in Sources */,
				A8FC07CC27B3ECF00077A758 /* ViewController.swift in Sources */,
				A8BD833D27BE2FF900E0DE41 /* SettingsButton.swift in Sources */,
				A8BD834727BE337900E0DE41 /* HomeView.swift in Sources */,
				A8FC07C827B3ECF00077A758 /* AppDelegate.swift in Sources */,
				A8BD833B27BE261600E0DE41 /* OpenBeforeFinishedButton.swift in Sources */,
				A8BD833527BE106C00E0DE41 /* PageContentViewController.swift in Sources */,
				A8FC07CA27B3ECF00077A758 /* SceneDelegate.swift in Sources */,
				A8BD833327BE104900E0DE41 /* HomeViewController.swift in Sources */,
				A8BD834A27BE346D00E0DE41 /* HomeViewControllerExtension.swift in Sources */,
				A8BD833F27BE30B400E0DE41 /* Constants.swift in Sources */,
			);
			runOnlyForDeploymentPostprocessing = 0;
		};
/* End PBXSourcesBuildPhase section */

/* Begin PBXVariantGroup section */
		A8FC07CD27B3ECF00077A758 /* Main.storyboard */ = {
			isa = PBXVariantGroup;
			children = (
				A8FC07CE27B3ECF00077A758 /* Base */,
			);
			name = Main.storyboard;
			sourceTree = "<group>";
		};
		A8FC07D227B3ECF30077A758 /* LaunchScreen.storyboard */ = {
			isa = PBXVariantGroup;
			children = (
				A8FC07D327B3ECF30077A758 /* Base */,
			);
			name = LaunchScreen.storyboard;
			sourceTree = "<group>";
		};
/* End PBXVariantGroup section */

/* Begin XCBuildConfiguration section */
		A8FC07D627B3ECF30077A758 /* Debug */ = {
			isa = XCBuildConfiguration;
			buildSettings = {
				ALWAYS_SEARCH_USER_PATHS = NO;
				CLANG_ANALYZER_NONNULL = YES;
				CLANG_ANALYZER_NUMBER_OBJECT_CONVERSION = YES_AGGRESSIVE;
				CLANG_CXX_LANGUAGE_STANDARD = "gnu++17";
				CLANG_CXX_LIBRARY = "libc++";
				CLANG_ENABLE_MODULES = YES;
				CLANG_ENABLE_OBJC_ARC = YES;
				CLANG_ENABLE_OBJC_WEAK = YES;
				CLANG_WARN_BLOCK_CAPTURE_AUTORELEASING = YES;
				CLANG_WARN_BOOL_CONVERSION = YES;
				CLANG_WARN_COMMA = YES;
				CLANG_WARN_CONSTANT_CONVERSION = YES;
				CLANG_WARN_DEPRECATED_OBJC_IMPLEMENTATIONS = YES;
				CLANG_WARN_DIRECT_OBJC_ISA_USAGE = YES_ERROR;
				CLANG_WARN_DOCUMENTATION_COMMENTS = YES;
				CLANG_WARN_EMPTY_BODY = YES;
				CLANG_WARN_ENUM_CONVERSION = YES;
				CLANG_WARN_INFINITE_RECURSION = YES;
				CLANG_WARN_INT_CONVERSION = YES;
				CLANG_WARN_NON_LITERAL_NULL_CONVERSION = YES;
				CLANG_WARN_OBJC_IMPLICIT_RETAIN_SELF = YES;
				CLANG_WARN_OBJC_LITERAL_CONVERSION = YES;
				CLANG_WARN_OBJC_ROOT_CLASS = YES_ERROR;
				CLANG_WARN_QUOTED_INCLUDE_IN_FRAMEWORK_HEADER = YES;
				CLANG_WARN_RANGE_LOOP_ANALYSIS = YES;
				CLANG_WARN_STRICT_PROTOTYPES = YES;
				CLANG_WARN_SUSPICIOUS_MOVE = YES;
				CLANG_WARN_UNGUARDED_AVAILABILITY = YES_AGGRESSIVE;
				CLANG_WARN_UNREACHABLE_CODE = YES;
				CLANG_WARN__DUPLICATE_METHOD_MATCH = YES;
				COPY_PHASE_STRIP = NO;
				DEBUG_INFORMATION_FORMAT = dwarf;
				ENABLE_STRICT_OBJC_MSGSEND = YES;
				ENABLE_TESTABILITY = YES;
				GCC_C_LANGUAGE_STANDARD = gnu11;
				GCC_DYNAMIC_NO_PIC = NO;
				GCC_NO_COMMON_BLOCKS = YES;
				GCC_OPTIMIZATION_LEVEL = 0;
				GCC_PREPROCESSOR_DEFINITIONS = (
					"DEBUG=1",
					"$(inherited)",
				);
				GCC_WARN_64_TO_32_BIT_CONVERSION = YES;
				GCC_WARN_ABOUT_RETURN_TYPE = YES_ERROR;
				GCC_WARN_UNDECLARED_SELECTOR = YES;
				GCC_WARN_UNINITIALIZED_AUTOS = YES_AGGRESSIVE;
				GCC_WARN_UNUSED_FUNCTION = YES;
				GCC_WARN_UNUSED_VARIABLE = YES;
				IPHONEOS_DEPLOYMENT_TARGET = 15.0;
				MTL_ENABLE_DEBUG_INFO = INCLUDE_SOURCE;
				MTL_FAST_MATH = YES;
				ONLY_ACTIVE_ARCH = YES;
				SDKROOT = iphoneos;
				SWIFT_ACTIVE_COMPILATION_CONDITIONS = DEBUG;
				SWIFT_OPTIMIZATION_LEVEL = "-Onone";
			};
			name = Debug;
		};
		A8FC07D727B3ECF30077A758 /* Release */ = {
			isa = XCBuildConfiguration;
			buildSettings = {
				ALWAYS_SEARCH_USER_PATHS = NO;
				CLANG_ANALYZER_NONNULL = YES;
				CLANG_ANALYZER_NUMBER_OBJECT_CONVERSION = YES_AGGRESSIVE;
				CLANG_CXX_LANGUAGE_STANDARD = "gnu++17";
				CLANG_CXX_LIBRARY = "libc++";
				CLANG_ENABLE_MODULES = YES;
				CLANG_ENABLE_OBJC_ARC = YES;
				CLANG_ENABLE_OBJC_WEAK = YES;
				CLANG_WARN_BLOCK_CAPTURE_AUTORELEASING = YES;
				CLANG_WARN_BOOL_CONVERSION = YES;
				CLANG_WARN_COMMA = YES;
				CLANG_WARN_CONSTANT_CONVERSION = YES;
				CLANG_WARN_DEPRECATED_OBJC_IMPLEMENTATIONS = YES;
				CLANG_WARN_DIRECT_OBJC_ISA_USAGE = YES_ERROR;
				CLANG_WARN_DOCUMENTATION_COMMENTS = YES;
				CLANG_WARN_EMPTY_BODY = YES;
				CLANG_WARN_ENUM_CONVERSION = YES;
				CLANG_WARN_INFINITE_RECURSION = YES;
				CLANG_WARN_INT_CONVERSION = YES;
				CLANG_WARN_NON_LITERAL_NULL_CONVERSION = YES;
				CLANG_WARN_OBJC_IMPLICIT_RETAIN_SELF = YES;
				CLANG_WARN_OBJC_LITERAL_CONVERSION = YES;
				CLANG_WARN_OBJC_ROOT_CLASS = YES_ERROR;
				CLANG_WARN_QUOTED_INCLUDE_IN_FRAMEWORK_HEADER = YES;
				CLANG_WARN_RANGE_LOOP_ANALYSIS = YES;
				CLANG_WARN_STRICT_PROTOTYPES = YES;
				CLANG_WARN_SUSPICIOUS_MOVE = YES;
				CLANG_WARN_UNGUARDED_AVAILABILITY = YES_AGGRESSIVE;
				CLANG_WARN_UNREACHABLE_CODE = YES;
				CLANG_WARN__DUPLICATE_METHOD_MATCH = YES;
				COPY_PHASE_STRIP = NO;
				DEBUG_INFORMATION_FORMAT = "dwarf-with-dsym";
				ENABLE_NS_ASSERTIONS = NO;
				ENABLE_STRICT_OBJC_MSGSEND = YES;
				GCC_C_LANGUAGE_STANDARD = gnu11;
				GCC_NO_COMMON_BLOCKS = YES;
				GCC_WARN_64_TO_32_BIT_CONVERSION = YES;
				GCC_WARN_ABOUT_RETURN_TYPE = YES_ERROR;
				GCC_WARN_UNDECLARED_SELECTOR = YES;
				GCC_WARN_UNINITIALIZED_AUTOS = YES_AGGRESSIVE;
				GCC_WARN_UNUSED_FUNCTION = YES;
				GCC_WARN_UNUSED_VARIABLE = YES;
				IPHONEOS_DEPLOYMENT_TARGET = 15.0;
				MTL_ENABLE_DEBUG_INFO = NO;
				MTL_FAST_MATH = YES;
				SDKROOT = iphoneos;
				SWIFT_COMPILATION_MODE = wholemodule;
				SWIFT_OPTIMIZATION_LEVEL = "-O";
				VALIDATE_PRODUCT = YES;
			};
			name = Release;
		};
		A8FC07D927B3ECF30077A758 /* Debug */ = {
			isa = XCBuildConfiguration;
			baseConfigurationReference = C7DBD2C99F03550C49E38BE1 /* Pods-Happiggy-bank.debug.xcconfig */;
			buildSettings = {
				ASSETCATALOG_COMPILER_APPICON_NAME = AppIcon;
				ASSETCATALOG_COMPILER_GLOBAL_ACCENT_COLOR_NAME = AccentColor;
				CODE_SIGN_STYLE = Automatic;
				CURRENT_PROJECT_VERSION = 1;
				DEVELOPMENT_TEAM = 4L7K3ZV8H2;
				GENERATE_INFOPLIST_FILE = YES;
				INFOPLIST_FILE = "Happiggy-bank/Info.plist";
				INFOPLIST_KEY_UIApplicationSupportsIndirectInputEvents = YES;
				INFOPLIST_KEY_UILaunchStoryboardName = LaunchScreen;
				INFOPLIST_KEY_UIMainStoryboardFile = Main;
				INFOPLIST_KEY_UISupportedInterfaceOrientations_iPad = "UIInterfaceOrientationPortrait UIInterfaceOrientationPortraitUpsideDown UIInterfaceOrientationLandscapeLeft UIInterfaceOrientationLandscapeRight";
				INFOPLIST_KEY_UISupportedInterfaceOrientations_iPhone = "UIInterfaceOrientationPortrait UIInterfaceOrientationLandscapeLeft UIInterfaceOrientationLandscapeRight";
				IPHONEOS_DEPLOYMENT_TARGET = 13.0;
				LD_RUNPATH_SEARCH_PATHS = (
					"$(inherited)",
					"@executable_path/Frameworks",
				);
				MARKETING_VERSION = 1.0;
				PRODUCT_BUNDLE_IDENTIFIER = "Happiggy.Happiggy-bank";
				PRODUCT_NAME = "$(TARGET_NAME)";
				SWIFT_EMIT_LOC_STRINGS = YES;
				SWIFT_VERSION = 5.0;
				TARGETED_DEVICE_FAMILY = 1;
			};
			name = Debug;
		};
		A8FC07DA27B3ECF30077A758 /* Release */ = {
			isa = XCBuildConfiguration;
			baseConfigurationReference = D1A4E4DCD14426EB1FE4D636 /* Pods-Happiggy-bank.release.xcconfig */;
			buildSettings = {
				ASSETCATALOG_COMPILER_APPICON_NAME = AppIcon;
				ASSETCATALOG_COMPILER_GLOBAL_ACCENT_COLOR_NAME = AccentColor;
				CODE_SIGN_STYLE = Automatic;
				CURRENT_PROJECT_VERSION = 1;
				DEVELOPMENT_TEAM = 4L7K3ZV8H2;
				GENERATE_INFOPLIST_FILE = YES;
				INFOPLIST_FILE = "Happiggy-bank/Info.plist";
				INFOPLIST_KEY_UIApplicationSupportsIndirectInputEvents = YES;
				INFOPLIST_KEY_UILaunchStoryboardName = LaunchScreen;
				INFOPLIST_KEY_UIMainStoryboardFile = Main;
				INFOPLIST_KEY_UISupportedInterfaceOrientations_iPad = "UIInterfaceOrientationPortrait UIInterfaceOrientationPortraitUpsideDown UIInterfaceOrientationLandscapeLeft UIInterfaceOrientationLandscapeRight";
				INFOPLIST_KEY_UISupportedInterfaceOrientations_iPhone = "UIInterfaceOrientationPortrait UIInterfaceOrientationLandscapeLeft UIInterfaceOrientationLandscapeRight";
				IPHONEOS_DEPLOYMENT_TARGET = 13.0;
				LD_RUNPATH_SEARCH_PATHS = (
					"$(inherited)",
					"@executable_path/Frameworks",
				);
				MARKETING_VERSION = 1.0;
				PRODUCT_BUNDLE_IDENTIFIER = "Happiggy.Happiggy-bank";
				PRODUCT_NAME = "$(TARGET_NAME)";
				SWIFT_EMIT_LOC_STRINGS = YES;
				SWIFT_VERSION = 5.0;
				TARGETED_DEVICE_FAMILY = 1;
			};
			name = Release;
		};
/* End XCBuildConfiguration section */

/* Begin XCConfigurationList section */
		A8FC07BF27B3ECF00077A758 /* Build configuration list for PBXProject "Happiggy-bank" */ = {
			isa = XCConfigurationList;
			buildConfigurations = (
				A8FC07D627B3ECF30077A758 /* Debug */,
				A8FC07D727B3ECF30077A758 /* Release */,
			);
			defaultConfigurationIsVisible = 0;
			defaultConfigurationName = Release;
		};
		A8FC07D827B3ECF30077A758 /* Build configuration list for PBXNativeTarget "Happiggy-bank" */ = {
			isa = XCConfigurationList;
			buildConfigurations = (
				A8FC07D927B3ECF30077A758 /* Debug */,
				A8FC07DA27B3ECF30077A758 /* Release */,
			);
			defaultConfigurationIsVisible = 0;
			defaultConfigurationName = Release;
		};
/* End XCConfigurationList section */
	};
	rootObject = A8FC07BC27B3ECF00077A758 /* Project object */;
}
